{
  "version": 4,
  "terraform_version": "1.13.4",
  "serial": 115,
  "lineage": "50ddb3ea-a402-ea2e-2316-fdb99f8ed79c",
  "outputs": {
    "api_gateway_id": {
      "value": "3fsagiiazf",
      "type": "string"
    },
    "api_gateway_url": {
      "value": "http://localhost:4566/restapis/3fsagiiazf/dev/_user_request_",
      "type": "string"
    },
    "notificacoes_dlq_url": {
      "value": "http://sqs.us-east-1.localhost.localstack.cloud:4566/000000000000/notificacoes-dlq",
      "type": "string"
    },
    "notificacoes_queue_url": {
      "value": "http://sqs.us-east-1.localhost.localstack.cloud:4566/000000000000/notificacoes-queue",
      "type": "string"
    },
    "sqs_queues": {
      "value": {
        "notificacoes_dlq": {
          "arn": "arn:aws:sqs:us-east-1:000000000000:notificacoes-dlq",
          "name": "notificacoes-dlq",
          "url": "http://sqs.us-east-1.localhost.localstack.cloud:4566/000000000000/notificacoes-dlq"
        },
        "notificacoes_queue": {
          "arn": "arn:aws:sqs:us-east-1:000000000000:notificacoes-queue",
          "name": "notificacoes-queue",
          "url": "http://sqs.us-east-1.localhost.localstack.cloud:4566/000000000000/notificacoes-queue"
        }
      },
      "type": [
        "object",
        {
          "notificacoes_dlq": [
            "object",
            {
              "arn": "string",
              "name": "string",
              "url": "string"
            }
          ],
          "notificacoes_queue": [
            "object",
            {
              "arn": "string",
              "name": "string",
              "url": "string"
            }
          ]
        }
      ]
    }
  },
  "resources": [
    {
      "mode": "managed",
      "type": "aws_api_gateway_deployment",
      "name": "movimentos_deployment",
      "provider": "provider[\"registry.terraform.io/hashicorp/aws\"]",
      "instances": [
        {
          "schema_version": 0,
          "attributes": {
            "created_date": "2025-11-09T02:14:54Z",
            "description": "",
            "id": "sm8dutwmvf",
            "region": "us-east-1",
            "rest_api_id": "3fsagiiazf",
            "triggers": {
              "redeployment": "43c6caceb8cc6aece993e109d797691d1889eae7"
            },
            "variables": null
          },
          "sensitive_attributes": [],
          "identity_schema_version": 0,
          "private": "bnVsbA==",
          "dependencies": [
            "aws_api_gateway_integration.get_movimentos",
            "aws_api_gateway_integration.post_movimentos",
            "aws_api_gateway_method.get_movimentos",
            "aws_api_gateway_method.post_movimentos",
            "aws_api_gateway_resource.api",
            "aws_api_gateway_resource.movimentos",
            "aws_api_gateway_rest_api.movimentos_api"
          ],
          "create_before_destroy": true
        }
      ]
    },
    {
      "mode": "managed",
      "type": "aws_api_gateway_integration",
      "name": "get_movimentos",
      "provider": "provider[\"registry.terraform.io/hashicorp/aws\"]",
      "instances": [
        {
          "schema_version": 0,
          "attributes": {
            "cache_key_parameters": [],
            "cache_namespace": "9r1bfvdntr",
            "connection_id": "",
            "connection_type": "INTERNET",
            "content_handling": "",
            "credentials": "",
            "http_method": "GET",
            "id": "agi-3fsagiiazf-9r1bfvdntr-GET",
            "integration_http_method": "GET",
            "passthrough_behavior": "WHEN_NO_MATCH",
            "region": "us-east-1",
            "request_parameters": {
              "integration.request.querystring.usuarioId": "method.request.querystring.usuarioId"
            },
            "request_templates": {},
            "resource_id": "9r1bfvdntr",
            "rest_api_id": "3fsagiiazf",
            "timeout_milliseconds": 29000,
            "tls_config": [],
            "type": "HTTP_PROXY",
            "uri": "http://host.docker.internal:5001/api/movimentos"
          },
          "sensitive_attributes": [],
          "identity_schema_version": 0,
          "private": "bnVsbA==",
          "dependencies": [
            "aws_api_gateway_method.get_movimentos",
            "aws_api_gateway_resource.api",
            "aws_api_gateway_resource.movimentos",
            "aws_api_gateway_rest_api.movimentos_api"
          ],
          "create_before_destroy": true
        }
      ]
    },
    {
      "mode": "managed",
      "type": "aws_api_gateway_integration",
      "name": "post_movimentos",
      "provider": "provider[\"registry.terraform.io/hashicorp/aws\"]",
      "instances": [
        {
          "schema_version": 0,
          "attributes": {
            "cache_key_parameters": [],
            "cache_namespace": "9r1bfvdntr",
            "connection_id": "",
            "connection_type": "INTERNET",
            "content_handling": "",
            "credentials": "",
            "http_method": "POST",
            "id": "agi-3fsagiiazf-9r1bfvdntr-POST",
            "integration_http_method": "POST",
            "passthrough_behavior": "WHEN_NO_MATCH",
            "region": "us-east-1",
            "request_parameters": {},
            "request_templates": {},
            "resource_id": "9r1bfvdntr",
            "rest_api_id": "3fsagiiazf",
            "timeout_milliseconds": 29000,
            "tls_config": [],
            "type": "HTTP_PROXY",
            "uri": "http://host.docker.internal:5001/api/movimentos"
          },
          "sensitive_attributes": [],
          "identity_schema_version": 0,
          "private": "bnVsbA==",
          "dependencies": [
            "aws_api_gateway_method.post_movimentos",
            "aws_api_gateway_resource.api",
            "aws_api_gateway_resource.movimentos",
            "aws_api_gateway_rest_api.movimentos_api"
          ],
          "create_before_destroy": true
        }
      ]
    },
    {
      "mode": "managed",
      "type": "aws_api_gateway_method",
      "name": "get_movimentos",
      "provider": "provider[\"registry.terraform.io/hashicorp/aws\"]",
      "instances": [
        {
          "schema_version": 0,
          "attributes": {
            "api_key_required": false,
            "authorization": "NONE",
            "authorization_scopes": [],
            "authorizer_id": "",
            "http_method": "GET",
            "id": "agm-3fsagiiazf-9r1bfvdntr-GET",
            "operation_name": "",
            "region": "us-east-1",
            "request_models": {},
            "request_parameters": {
              "method.request.querystring.usuarioId": false
            },
            "request_validator_id": "",
            "resource_id": "9r1bfvdntr",
            "rest_api_id": "3fsagiiazf"
          },
          "sensitive_attributes": [],
          "identity_schema_version": 0,
          "private": "bnVsbA==",
          "dependencies": [
            "aws_api_gateway_resource.api",
            "aws_api_gateway_resource.movimentos",
            "aws_api_gateway_rest_api.movimentos_api"
          ],
          "create_before_destroy": true
        }
      ]
    },
    {
      "mode": "managed",
      "type": "aws_api_gateway_method",
      "name": "post_movimentos",
      "provider": "provider[\"registry.terraform.io/hashicorp/aws\"]",
      "instances": [
        {
          "schema_version": 0,
          "attributes": {
            "api_key_required": false,
            "authorization": "NONE",
            "authorization_scopes": [],
            "authorizer_id": "",
            "http_method": "POST",
            "id": "agm-3fsagiiazf-9r1bfvdntr-POST",
            "operation_name": "",
            "region": "us-east-1",
            "request_models": {},
            "request_parameters": {},
            "request_validator_id": "",
            "resource_id": "9r1bfvdntr",
            "rest_api_id": "3fsagiiazf"
          },
          "sensitive_attributes": [],
          "identity_schema_version": 0,
          "private": "bnVsbA==",
          "dependencies": [
            "aws_api_gateway_resource.api",
            "aws_api_gateway_resource.movimentos",
            "aws_api_gateway_rest_api.movimentos_api"
          ],
          "create_before_destroy": true
        }
      ]
    },
    {
      "mode": "managed",
      "type": "aws_api_gateway_resource",
      "name": "api",
      "provider": "provider[\"registry.terraform.io/hashicorp/aws\"]",
      "instances": [
        {
          "schema_version": 0,
          "attributes": {
            "id": "tgwwzeimqo",
            "parent_id": "pb9x8dueus",
            "path": "/api",
            "path_part": "api",
            "region": "us-east-1",
            "rest_api_id": "3fsagiiazf"
          },
          "sensitive_attributes": [],
          "identity_schema_version": 0,
          "private": "bnVsbA==",
          "dependencies": [
            "aws_api_gateway_rest_api.movimentos_api"
          ],
          "create_before_destroy": true
        }
      ]
    },
    {
      "mode": "managed",
      "type": "aws_api_gateway_resource",
      "name": "movimentos",
      "provider": "provider[\"registry.terraform.io/hashicorp/aws\"]",
      "instances": [
        {
          "schema_version": 0,
          "attributes": {
            "id": "9r1bfvdntr",
            "parent_id": "tgwwzeimqo",
            "path": "/api/movimentos",
            "path_part": "movimentos",
            "region": "us-east-1",
            "rest_api_id": "3fsagiiazf"
          },
          "sensitive_attributes": [],
          "identity_schema_version": 0,
          "private": "bnVsbA==",
          "dependencies": [
            "aws_api_gateway_resource.api",
            "aws_api_gateway_rest_api.movimentos_api"
          ],
          "create_before_destroy": true
        }
      ]
    },
    {
      "mode": "managed",
      "type": "aws_api_gateway_rest_api",
      "name": "movimentos_api",
      "provider": "provider[\"registry.terraform.io/hashicorp/aws\"]",
      "instances": [
        {
          "schema_version": 0,
          "attributes": {
            "api_key_source": "HEADER",
            "arn": "arn:aws:apigateway:us-east-1::/restapis/3fsagiiazf",
            "binary_media_types": [],
            "body": null,
            "created_date": "2025-11-09T02:14:54Z",
            "description": "API Gateway para gerenciamento de movimentos financeiros",
            "disable_execute_api_endpoint": false,
            "endpoint_configuration": [
              {
                "ip_address_type": "ipv4",
                "types": [
                  "EDGE"
                ],
                "vpc_endpoint_ids": []
              }
            ],
            "execution_arn": "arn:aws:execute-api:us-east-1::3fsagiiazf",
            "fail_on_warnings": null,
            "id": "3fsagiiazf",
            "minimum_compression_size": "",
            "name": "movimentos-api",
            "parameters": null,
            "policy": "",
            "put_rest_api_mode": null,
            "region": "us-east-1",
            "root_resource_id": "pb9x8dueus",
            "tags": {},
            "tags_all": {}
          },
          "sensitive_attributes": [],
          "identity_schema_version": 0,
          "private": "bnVsbA==",
          "create_before_destroy": true
        }
      ]
    },
    {
      "mode": "managed",
      "type": "aws_api_gateway_stage",
      "name": "dev",
      "provider": "provider[\"registry.terraform.io/hashicorp/aws\"]",
      "instances": [
        {
          "schema_version": 0,
          "attributes": {
            "access_log_settings": [],
            "arn": "arn:aws:apigateway:us-east-1::/restapis/3fsagiiazf/stages/dev",
            "cache_cluster_enabled": false,
            "cache_cluster_size": "",
            "canary_settings": [],
            "client_certificate_id": "",
            "deployment_id": "sm8dutwmvf",
            "description": "",
            "documentation_version": "",
            "execution_arn": "arn:aws:execute-api:us-east-1::3fsagiiazf/dev",
            "id": "ags-3fsagiiazf-dev",
            "invoke_url": "https://3fsagiiazf.execute-api.us-east-1.amazonaws.com/dev",
            "region": "us-east-1",
            "rest_api_id": "3fsagiiazf",
            "stage_name": "dev",
            "tags": {},
            "tags_all": {},
            "variables": {},
            "web_acl_arn": "",
            "xray_tracing_enabled": false
          },
          "sensitive_attributes": [],
          "identity_schema_version": 0,
          "private": "bnVsbA==",
          "dependencies": [
            "aws_api_gateway_deployment.movimentos_deployment",
            "aws_api_gateway_integration.get_movimentos",
            "aws_api_gateway_integration.post_movimentos",
            "aws_api_gateway_method.get_movimentos",
            "aws_api_gateway_method.post_movimentos",
            "aws_api_gateway_resource.api",
            "aws_api_gateway_resource.movimentos",
            "aws_api_gateway_rest_api.movimentos_api"
          ]
        }
      ]
    },
    {
      "mode": "managed",
      "type": "aws_sqs_queue",
      "name": "notificacoes_dlq",
      "provider": "provider[\"registry.terraform.io/hashicorp/aws\"]",
      "instances": [
        {
          "schema_version": 0,
          "attributes": {
            "arn": "arn:aws:sqs:us-east-1:000000000000:notificacoes-dlq",
            "content_based_deduplication": false,
            "deduplication_scope": "",
            "delay_seconds": 0,
            "fifo_queue": false,
            "fifo_throughput_limit": "",
            "id": "http://sqs.us-east-1.localhost.localstack.cloud:4566/000000000000/notificacoes-dlq",
            "kms_data_key_reuse_period_seconds": 300,
            "kms_master_key_id": "",
            "max_message_size": 262144,
            "message_retention_seconds": 1209600,
            "name": "notificacoes-dlq",
            "name_prefix": "",
            "policy": "",
            "receive_wait_time_seconds": 0,
            "redrive_allow_policy": "",
            "redrive_policy": "",
            "region": "us-east-1",
            "sqs_managed_sse_enabled": true,
            "tags": {
              "Environment": "development",
              "Name": "notificacoes-dlq",
              "Project": "mentoria-backend",
              "Purpose": "Dead Letter Queue para mensagens com erro"
            },
            "tags_all": {
              "Environment": "development",
              "Name": "notificacoes-dlq",
              "Project": "mentoria-backend",
              "Purpose": "Dead Letter Queue para mensagens com erro"
            },
            "timeouts": null,
            "url": "http://sqs.us-east-1.localhost.localstack.cloud:4566/000000000000/notificacoes-dlq",
            "visibility_timeout_seconds": 30
          },
          "sensitive_attributes": [],
          "identity_schema_version": 1,
          "identity": {
            "url": "http://sqs.us-east-1.localhost.localstack.cloud:4566/000000000000/notificacoes-dlq"
          },
          "private": "eyJlMmJmYjczMC1lY2FhLTExZTYtOGY4OC0zNDM2M2JjN2M0YzAiOnsiY3JlYXRlIjoxODAwMDAwMDAwMDAsImRlbGV0ZSI6MTgwMDAwMDAwMDAwLCJ1cGRhdGUiOjE4MDAwMDAwMDAwMH19"
        }
      ]
    },
    {
      "mode": "managed",
      "type": "aws_sqs_queue",
      "name": "notificacoes_queue",
      "provider": "provider[\"registry.terraform.io/hashicorp/aws\"]",
      "instances": [
        {
          "schema_version": 0,
          "attributes": {
            "arn": "arn:aws:sqs:us-east-1:000000000000:notificacoes-queue",
            "content_based_deduplication": false,
            "deduplication_scope": "",
            "delay_seconds": 0,
            "fifo_queue": false,
            "fifo_throughput_limit": "",
            "id": "http://sqs.us-east-1.localhost.localstack.cloud:4566/000000000000/notificacoes-queue",
            "kms_data_key_reuse_period_seconds": 300,
            "kms_master_key_id": "",
            "max_message_size": 262144,
            "message_retention_seconds": 345600,
            "name": "notificacoes-queue",
            "name_prefix": "",
            "policy": "",
            "receive_wait_time_seconds": 20,
            "redrive_allow_policy": "",
            "redrive_policy": "{\"deadLetterTargetArn\":\"arn:aws:sqs:us-east-1:000000000000:notificacoes-dlq\",\"maxReceiveCount\":3}",
            "region": "us-east-1",
            "sqs_managed_sse_enabled": true,
            "tags": {
              "Environment": "development",
              "Name": "notificacoes-queue",
              "Project": "mentoria-backend",
              "Purpose": "Processa eventos para envio de notificações"
            },
            "tags_all": {
              "Environment": "development",
              "Name": "notificacoes-queue",
              "Project": "mentoria-backend",
              "Purpose": "Processa eventos para envio de notificações"
            },
            "timeouts": null,
            "url": "http://sqs.us-east-1.localhost.localstack.cloud:4566/000000000000/notificacoes-queue",
            "visibility_timeout_seconds": 30
          },
          "sensitive_attributes": [],
          "identity_schema_version": 1,
          "identity": {
            "url": "http://sqs.us-east-1.localhost.localstack.cloud:4566/000000000000/notificacoes-queue"
          },
          "private": "eyJlMmJmYjczMC1lY2FhLTExZTYtOGY4OC0zNDM2M2JjN2M0YzAiOnsiY3JlYXRlIjoxODAwMDAwMDAwMDAsImRlbGV0ZSI6MTgwMDAwMDAwMDAwLCJ1cGRhdGUiOjE4MDAwMDAwMDAwMH19",
          "dependencies": [
            "aws_sqs_queue.notificacoes_dlq"
          ]
        }
      ]
    },
    {
      "mode": "managed",
      "type": "aws_sqs_queue_policy",
      "name": "notificacoes_queue_policy",
      "provider": "provider[\"registry.terraform.io/hashicorp/aws\"]",
      "instances": [
        {
          "schema_version": 1,
          "attributes": {
            "id": "http://sqs.us-east-1.localhost.localstack.cloud:4566/000000000000/notificacoes-queue",
            "policy": "{\"Statement\":[{\"Action\":[\"sqs:SendMessage\",\"sqs:ReceiveMessage\",\"sqs:DeleteMessage\",\"sqs:GetQueueAttributes\"],\"Effect\":\"Allow\",\"Principal\":\"*\",\"Resource\":\"arn:aws:sqs:us-east-1:000000000000:notificacoes-queue\"}],\"Version\":\"2012-10-17\"}",
            "queue_url": "http://sqs.us-east-1.localhost.localstack.cloud:4566/000000000000/notificacoes-queue",
            "region": "us-east-1"
          },
          "sensitive_attributes": [],
          "identity_schema_version": 1,
          "identity": {
            "queue_url": "http://sqs.us-east-1.localhost.localstack.cloud:4566/000000000000/notificacoes-queue"
          },
          "private": "eyJzY2hlbWFfdmVyc2lvbiI6IjEifQ==",
          "dependencies": [
            "aws_sqs_queue.notificacoes_dlq",
            "aws_sqs_queue.notificacoes_queue"
          ]
        }
      ]
    },
    {
      "mode": "managed",
      "type": "aws_ssm_parameter",
      "name": "database_connectionstring",
      "provider": "provider[\"registry.terraform.io/hashicorp/aws\"]",
      "instances": [
        {
          "schema_version": 0,
          "attributes": {
            "allowed_pattern": "",
            "arn": "arn:aws:ssm:us-east-1:000000000000:parameter/movimentos/database/connectionstring",
            "data_type": "text",
            "description": "Connection string para o banco de dados PostgreSQL da API de Movimentos",
            "has_value_wo": false,
            "id": "/movimentos/database/connectionstring",
            "insecure_value": null,
            "key_id": "",
            "name": "/movimentos/database/connectionstring",
            "overwrite": null,
            "region": "us-east-1",
            "tags": {
              "Application": "ApiMovimentos",
              "Environment": "Development"
            },
            "tags_all": {
              "Application": "ApiMovimentos",
              "Environment": "Development"
            },
            "tier": "",
            "type": "String",
            "value": "Host=database;Port=5432;Database=movimentos;Username=postgres;Password=postgres",
            "value_wo": null,
            "value_wo_version": null,
            "version": 1
          },
          "sensitive_attributes": [
            [
              {
                "type": "get_attr",
                "value": "value"
              }
            ],
            [
              {
                "type": "get_attr",
                "value": "value_wo"
              }
            ]
          ],
          "identity_schema_version": 0,
          "identity": {
            "account_id": "",
            "name": "/movimentos/database/connectionstring",
            "region": "us-east-1"
          },
          "private": "bnVsbA=="
        }
      ]
    }
  ],
  "check_results": null
}
